
Microsoft Visual Studio Solution File, Format Version 12.00
Project("{FAE04EC0-301F-11D3-BF4B-00C04F79EFBC}") = "Build", "Build\Build.csproj", "{4AB98870-EC2E-415B-B1D9-217B33368017}"
EndProject
Project("{FAE04EC0-301F-11D3-BF4B-00C04F79EFBC}") = "SharpGuiConverter", "SharpGuiConverter\SharpGuiConverter.csproj", "{55A7FFE1-00CB-49CD-A070-BC64A6234E5E}"
EndProject
Global
	GlobalSection(SolutionConfigurationPlatforms) = preSolution
		Debug|Any CPU = Debug|Any CPU
		Dependent|Any CPU = Dependent|Any CPU
		Contained|Any CPU = Contained|Any CPU
		CoreRt|Any CPU = CoreRt|Any CPU
		CoreRtMusl|Any CPU = CoreRtMusl|Any CPU
	EndGlobalSection
	GlobalSection(ProjectConfigurationPlatforms) = postSolution
		{4AB98870-EC2E-415B-B1D9-217B33368017}.Debug|Any CPU.ActiveCfg = Debug|Any CPU
		{4AB98870-EC2E-415B-B1D9-217B33368017}.Debug|Any CPU.Build.0 = Debug|Any CPU
		{4AB98870-EC2E-415B-B1D9-217B33368017}.Dependent|Any CPU.ActiveCfg = Dependent|Any CPU
		{4AB98870-EC2E-415B-B1D9-217B33368017}.Dependent|Any CPU.Build.0 = Dependent|Any CPU
		{4AB98870-EC2E-415B-B1D9-217B33368017}.Contained|Any CPU.ActiveCfg = Contained|Any CPU
		{4AB98870-EC2E-415B-B1D9-217B33368017}.Contained|Any CPU.Build.0 = Contained|Any CPU
		{4AB98870-EC2E-415B-B1D9-217B33368017}.CoreRt|Any CPU.ActiveCfg = CoreRt|Any CPU
		{4AB98870-EC2E-415B-B1D9-217B33368017}.CoreRt|Any CPU.Build.0 = CoreRt|Any CPU
		{4AB98870-EC2E-415B-B1D9-217B33368017}.CoreRtMusl|Any CPU.ActiveCfg = Debug|Any CPU
		{4AB98870-EC2E-415B-B1D9-217B33368017}.CoreRtMusl|Any CPU.Build.0 = Debug|Any CPU
		{55A7FFE1-00CB-49CD-A070-BC64A6234E5E}.Debug|Any CPU.ActiveCfg = Debug|Any CPU
		{55A7FFE1-00CB-49CD-A070-BC64A6234E5E}.Debug|Any CPU.Build.0 = Debug|Any CPU
		{55A7FFE1-00CB-49CD-A070-BC64A6234E5E}.Dependent|Any CPU.ActiveCfg = Dependent|Any CPU
		{55A7FFE1-00CB-49CD-A070-BC64A6234E5E}.Dependent|Any CPU.Build.0 = Dependent|Any CPU
		{55A7FFE1-00CB-49CD-A070-BC64A6234E5E}.Contained|Any CPU.ActiveCfg = Contained|Any CPU
		{55A7FFE1-00CB-49CD-A070-BC64A6234E5E}.Contained|Any CPU.Build.0 = Contained|Any CPU
		{55A7FFE1-00CB-49CD-A070-BC64A6234E5E}.CoreRt|Any CPU.ActiveCfg = CoreRt|Any CPU
		{55A7FFE1-00CB-49CD-A070-BC64A6234E5E}.CoreRt|Any CPU.Build.0 = CoreRt|Any CPU
		{55A7FFE1-00CB-49CD-A070-BC64A6234E5E}.CoreRtMusl|Any CPU.ActiveCfg = Debug|Any CPU
		{55A7FFE1-00CB-49CD-A070-BC64A6234E5E}.CoreRtMusl|Any CPU.Build.0 = Debug|Any CPU
	EndGlobalSection
EndGlobal
